
Microsoft Visual Studio Solution File, Format Version 12.00
# Visual Studio 15
VisualStudioVersion = 15.0.28307.852
MinimumVisualStudioVersion = 10.0.40219.1
Project("{9A19103F-16F7-4668-BE54-9A1E7A4F7556}") = "AspNetCore.Dominio", "AspNetCore.Dominio\AspNetCore.Dominio.csproj", "{1218B0C2-F7DA-4EBB-AED8-091809920739}"
EndProject
Project("{9A19103F-16F7-4668-BE54-9A1E7A4F7556}") = "AspNetCore.Repositorio", "AspNetCore.Repositorio\AspNetCore.Repositorio.csproj", "{B1CCFD66-5147-4B7E-9C4B-ED7D8CC34B90}"
EndProject
Project("{9A19103F-16F7-4668-BE54-9A1E7A4F7556}") = "AspNetCore.Web", "AspNetCore.Web\AspNetCore.Web.csproj", "{315AC4FB-E638-4CC2-8F17-43A3D6A94D78}"
EndProject
Global
	GlobalSection(SolutionConfigurationPlatforms) = preSolution
		Debug|Any CPU = Debug|Any CPU
		Release|Any CPU = Release|Any CPU
	EndGlobalSection
	GlobalSection(ProjectConfigurationPlatforms) = postSolution
		{1218B0C2-F7DA-4EBB-AED8-091809920739}.Debug|Any CPU.ActiveCfg = Debug|Any CPU
		{1218B0C2-F7DA-4EBB-AED8-091809920739}.Debug|Any CPU.Build.0 = Debug|Any CPU
		{1218B0C2-F7DA-4EBB-AED8-091809920739}.Release|Any CPU.ActiveCfg = Release|Any CPU
		{1218B0C2-F7DA-4EBB-AED8-091809920739}.Release|Any CPU.Build.0 = Release|Any CPU
		{B1CCFD66-5147-4B7E-9C4B-ED7D8CC34B90}.Debug|Any CPU.ActiveCfg = Debug|Any CPU
		{B1CCFD66-5147-4B7E-9C4B-ED7D8CC34B90}.Debug|Any CPU.Build.0 = Debug|Any CPU
		{B1CCFD66-5147-4B7E-9C4B-ED7D8CC34B90}.Release|Any CPU.ActiveCfg = Release|Any CPU
		{B1CCFD66-5147-4B7E-9C4B-ED7D8CC34B90}.Release|Any CPU.Build.0 = Release|Any CPU
		{315AC4FB-E638-4CC2-8F17-43A3D6A94D78}.Debug|Any CPU.ActiveCfg = Debug|Any CPU
		{315AC4FB-E638-4CC2-8F17-43A3D6A94D78}.Debug|Any CPU.Build.0 = Debug|Any CPU
		{315AC4FB-E638-4CC2-8F17-43A3D6A94D78}.Release|Any CPU.ActiveCfg = Release|Any CPU
		{315AC4FB-E638-4CC2-8F17-43A3D6A94D78}.Release|Any CPU.Build.0 = Release|Any CPU
	EndGlobalSection
	GlobalSection(SolutionProperties) = preSolution
		HideSolutionNode = FALSE
	EndGlobalSection
	GlobalSection(ExtensibilityGlobals) = postSolution
		SolutionGuid = {50EB741D-6E5B-4FEB-96E7-8F8EAB869C0A}
	EndGlobalSection
EndGlobal
